
Microsoft Visual Studio Solution File, Format Version 12.00
# Visual Studio Version 17
VisualStudioVersion = 17.10.35122.118
MinimumVisualStudioVersion = 10.0.40219.1
Project("{FAE04EC0-301F-11D3-BF4B-00C04F79EFBC}") = "31.10_exam", "31.10_exam.csproj", "{F8BEB12C-582C-4D72-B5E2-4CCC1D84DBC0}"
EndProject
Global
	GlobalSection(SolutionConfigurationPlatforms) = preSolution
		Debug|Any CPU = Debug|Any CPU
		Release|Any CPU = Release|Any CPU
	EndGlobalSection
	GlobalSection(ProjectConfigurationPlatforms) = postSolution
		{F8BEB12C-582C-4D72-B5E2-4CCC1D84DBC0}.Debug|Any CPU.ActiveCfg = Debug|Any CPU
		{F8BEB12C-582C-4D72-B5E2-4CCC1D84DBC0}.Debug|Any CPU.Build.0 = Debug|Any CPU
		{F8BEB12C-582C-4D72-B5E2-4CCC1D84DBC0}.Release|Any CPU.ActiveCfg = Release|Any CPU
		{F8BEB12C-582C-4D72-B5E2-4CCC1D84DBC0}.Release|Any CPU.Build.0 = Release|Any CPU
	EndGlobalSection
	GlobalSection(SolutionProperties) = preSolution
		HideSolutionNode = FALSE
	EndGlobalSection
	GlobalSection(ExtensibilityGlobals) = postSolution
		SolutionGuid = {E3888640-5B02-4CDE-9270-B2135A093222}
	EndGlobalSection
EndGlobal
